
Microsoft Visual Studio Solution File, Format Version 12.00
# Visual Studio Version 16
VisualStudioVersion = 16.0.31005.135
MinimumVisualStudioVersion = 10.0.40219.1
Project("{FAE04EC0-301F-11D3-BF4B-00C04F79EFBC}") = "Arithmetic", "Arithmetic\Arithmetic.csproj", "{4FE527BE-E283-44C6-BE8A-A0C955ABA308}"
EndProject
Global
	GlobalSection(SolutionConfigurationPlatforms) = preSolution
		Debug|Any CPU = Debug|Any CPU
		Release|Any CPU = Release|Any CPU
	EndGlobalSection
	GlobalSection(ProjectConfigurationPlatforms) = postSolution
		{4FE527BE-E283-44C6-BE8A-A0C955ABA308}.Debug|Any CPU.ActiveCfg = Debug|Any CPU
		{4FE527BE-E283-44C6-BE8A-A0C955ABA308}.Debug|Any CPU.Build.0 = Debug|Any CPU
		{4FE527BE-E283-44C6-BE8A-A0C955ABA308}.Release|Any CPU.ActiveCfg = Release|Any CPU
		{4FE527BE-E283-44C6-BE8A-A0C955ABA308}.Release|Any CPU.Build.0 = Release|Any CPU
	EndGlobalSection
	GlobalSection(SolutionProperties) = preSolution
		HideSolutionNode = FALSE
	EndGlobalSection
	GlobalSection(ExtensibilityGlobals) = postSolution
		SolutionGuid = {977AF3E7-C50A-4E5B-9582-887183704402}
	EndGlobalSection
EndGlobal
